# THIS IS AN AUTOGENERATED FILE. DO NOT EDIT THIS FILE DIRECTLY.
# yarn lockfile v1


"@prisma/client@4.16.1":
  version "4.16.1"
  resolved "https://registry.yarnpkg.com/@prisma/client/-/client-4.16.1.tgz#030bf59ee51f223bae2a8e7c49827528756cf03a"
  integrity sha512-CoDHu7Bt+NuDo40ijoeHP79EHtECsPBTy3yte5Yo3op8TqXt/kV0OT5OrsWewKvQGKFMHhYQ+ePed3zzjYdGAw==
  dependencies:
    "@prisma/engines-version" "4.16.0-66.b20ead4d3ab9e78ac112966e242ded703f4a052c"

"@prisma/engines-version@4.16.0-66.b20ead4d3ab9e78ac112966e242ded703f4a052c":
  version "4.16.0-66.b20ead4d3ab9e78ac112966e242ded703f4a052c"
  resolved "https://registry.yarnpkg.com/@prisma/engines-version/-/engines-version-4.16.0-66.b20ead4d3ab9e78ac112966e242ded703f4a052c.tgz#54fd17f9a9080e13e2f75613fd35afb7875e3715"
  integrity sha512-tMWAF/qF00fbUH1HB4Yjmz6bjh7fzkb7Y3NRoUfMlHu6V+O45MGvqwYxqwBjn1BIUXkl3r04W351D4qdJjrgvA==

"@prisma/engines@4.16.1":
  version "4.16.1"
  resolved "https://registry.yarnpkg.com/@prisma/engines/-/engines-4.16.1.tgz#ee487620dc5135fd175ac7494b1c60c9f12c1e4b"
  integrity sha512-gpZG0kGGxfemgvK/LghHdBIz+crHkZjzszja94xp4oytpsXrgt/Ice82MvPsWMleVIniKuARrowtsIsim0PFJQ==

"@types/node@^20.3.1":
  version "20.3.1"
  resolved "https://registry.yarnpkg.com/@types/node/-/node-20.3.1.tgz#e8a83f1aa8b649377bb1fb5d7bac5cb90e784dfe"
  integrity sha512-EhcH/wvidPy1WeML3TtYFGR83UzjxeWRen9V402T8aUGYsCHOmfoisV3ZSg03gAFIbLq8TnWOJ0f4cALtnSEUg==

prisma@4.16.1:
  version "4.16.1"
  resolved "https://registry.yarnpkg.com/prisma/-/prisma-4.16.1.tgz#c6d723a4326138a72489098a6c39a698a670fbbf"
  integrity sha512-C2Xm7yxHxjFjjscBEW4tmoraPHH/Vyu/A0XABdbaFtoiOZARsxvOM7rwc2iZ0qVxbh0bGBGBWZUSXO/52/nHBQ==
  dependencies:
    "@prisma/engines" "4.16.1"

typescript@^5.1.3:
  version "5.1.3"
  resolved "https://registry.yarnpkg.com/typescript/-/typescript-5.1.3.tgz#8d84219244a6b40b6fb2b33cc1c062f715b9e826"
  integrity sha512-XH627E9vkeqhlZFQuL+UsyAXEnibT0kWR2FWONlr4sTjvxyJYnyefgrkyECLzM5NenmKzRAy2rR/OlYLA1HkZw==
